
Microsoft Visual Studio Solution File, Format Version 12.00
# Visual Studio Version 16
VisualStudioVersion = 16.0.30907.101
MinimumVisualStudioVersion = 10.0.40219.1
Project("{FAE04EC0-301F-11D3-BF4B-00C04F79EFBC}") = "PrimerRegistroCompleto", "PrimerRegistroCompleto.csproj", "{5CA45FF9-90DD-4FC6-B3BA-1209AC71C16C}"
EndProject
Global
	GlobalSection(SolutionConfigurationPlatforms) = preSolution
		Debug|Any CPU = Debug|Any CPU
		Release|Any CPU = Release|Any CPU
	EndGlobalSection
	GlobalSection(ProjectConfigurationPlatforms) = postSolution
		{5CA45FF9-90DD-4FC6-B3BA-1209AC71C16C}.Debug|Any CPU.ActiveCfg = Debug|Any CPU
		{5CA45FF9-90DD-4FC6-B3BA-1209AC71C16C}.Debug|Any CPU.Build.0 = Debug|Any CPU
		{5CA45FF9-90DD-4FC6-B3BA-1209AC71C16C}.Release|Any CPU.ActiveCfg = Release|Any CPU
		{5CA45FF9-90DD-4FC6-B3BA-1209AC71C16C}.Release|Any CPU.Build.0 = Release|Any CPU
	EndGlobalSection
	GlobalSection(SolutionProperties) = preSolution
		HideSolutionNode = FALSE
	EndGlobalSection
	GlobalSection(ExtensibilityGlobals) = postSolution
		SolutionGuid = {1C907C5F-675F-4C70-B499-6ED8773E3D30}
	EndGlobalSection
EndGlobal
